{
  "name": "nft-wallet",
  "version": "0.1.0",
  "lockfileVersion": 2,
  "requires": true,
  "packages": {
    "": {
      "name": "nft-wallet",
      "version": "0.1.0",
      "hasInstallScript": true,
      "devDependencies": {
        "@rollup/plugin-html": "^0.2.4"
      }
    },
    "node_modules/@rollup/plugin-html": {
      "version": "0.2.4",
      "resolved": "https://registry.npmjs.org/@rollup/plugin-html/-/plugin-html-0.2.4.tgz",
      "integrity": "sha512-x0qpNXxbmGa9Jnl4OX89AORPe2T/a4DqNK69BGRnEdaPKq6MdiUXSTam/eCkF5DxkQGcRcPq0L4vzr/E3q4mVA==",
      "dev": true,
      "engines": {
        "node": ">= 8.0.0"
      },
      "peerDependencies": {
        "rollup": "^1.20.0||^2.0.0"
      }
    },
    "node_modules/fsevents": {
      "version": "2.3.2",
      "resolved": "https://registry.npmjs.org/fsevents/-/fsevents-2.3.2.tgz",
      "integrity": "sha512-xiqMQR4xAeHTuB9uWm+fFRcIOgKBMiOBP+eXiyT7jsgVCq1bkVygt00oASowB7EdtpOHaaPgKt812P9ab+DDKA==",
      "dev": true,
      "hasInstallScript": true,
      "optional": true,
      "os": [
        "darwin"
      ],
      "peer": true,
      "engines": {
        "node": "^8.16.0 || ^10.6.0 || >=11.0.0"
      }
    },
    "node_modules/rollup": {
      "version": "2.68.0",
      "resolved": "https://registry.npmjs.org/rollup/-/rollup-2.68.0.tgz",
      "integrity": "sha512-XrMKOYK7oQcTio4wyTz466mucnd8LzkiZLozZ4Rz0zQD+HeX4nUK4B8GrTX/2EvN2/vBF/i2WnaXboPxo0JylA==",
      "dev": true,
      "peer": true,
      "bin": {
        "rollup": "dist/bin/rollup"
      },
      "engines": {
        "node": ">=10.0.0"
      },
      "optionalDependencies": {
        "fsevents": "~2.3.2"
      }
    }
  },
  "dependencies": {
    "@rollup/plugin-html": {
      "version": "0.2.4",
      "resolved": "https://registry.npmjs.org/@rollup/plugin-html/-/plugin-html-0.2.4.tgz",
      "integrity": "sha512-x0qpNXxbmGa9Jnl4OX89AORPe2T/a4DqNK69BGRnEdaPKq6MdiUXSTam/eCkF5DxkQGcRcPq0L4vzr/E3q4mVA==",
      "dev": true,
      "requires": {}
    },
    "fsevents": {
      "version": "2.3.2",
      "resolved": "https://registry.npmjs.org/fsevents/-/fsevents-2.3.2.tgz",
      "integrity": "sha512-xiqMQR4xAeHTuB9uWm+fFRcIOgKBMiOBP+eXiyT7jsgVCq1bkVygt00oASowB7EdtpOHaaPgKt812P9ab+DDKA==",
      "dev": true,
      "optional": true,
      "peer": true
    },
    "rollup": {
      "version": "2.68.0",
      "resolved": "https://registry.npmjs.org/rollup/-/rollup-2.68.0.tgz",
      "integrity": "sha512-XrMKOYK7oQcTio4wyTz466mucnd8LzkiZLozZ4Rz0zQD+HeX4nUK4B8GrTX/2EvN2/vBF/i2WnaXboPxo0JylA==",
      "dev": true,
      "peer": true,
      "requires": {
        "fsevents": "~2.3.2"
      }
    }
  }
}
